
Microsoft Visual Studio Solution File, Format Version 12.00
# Visual Studio Version 16
VisualStudioVersion = 16.0.31702.278
MinimumVisualStudioVersion = 10.0.40219.1
Project("{FAE04EC0-301F-11D3-BF4B-00C04F79EFBC}") = "Prueba Live Charts 2", "Prueba Live Charts 2\Prueba Live Charts 2.csproj", "{D35561C9-6B7C-4810-A07B-339852252B9C}"
EndProject
Global
	GlobalSection(SolutionConfigurationPlatforms) = preSolution
		Debug|ARM = Debug|ARM
		Debug|ARM64 = Debug|ARM64
		Debug|x64 = Debug|x64
		Debug|x86 = Debug|x86
		Release|ARM = Release|ARM
		Release|ARM64 = Release|ARM64
		Release|x64 = Release|x64
		Release|x86 = Release|x86
	EndGlobalSection
	GlobalSection(ProjectConfigurationPlatforms) = postSolution
		{D35561C9-6B7C-4810-A07B-339852252B9C}.Debug|ARM.ActiveCfg = Debug|ARM
		{D35561C9-6B7C-4810-A07B-339852252B9C}.Debug|ARM.Build.0 = Debug|ARM
		{D35561C9-6B7C-4810-A07B-339852252B9C}.Debug|ARM.Deploy.0 = Debug|ARM
		{D35561C9-6B7C-4810-A07B-339852252B9C}.Debug|ARM64.ActiveCfg = Debug|ARM64
		{D35561C9-6B7C-4810-A07B-339852252B9C}.Debug|ARM64.Build.0 = Debug|ARM64
		{D35561C9-6B7C-4810-A07B-339852252B9C}.Debug|ARM64.Deploy.0 = Debug|ARM64
		{D35561C9-6B7C-4810-A07B-339852252B9C}.Debug|x64.ActiveCfg = Debug|x64
		{D35561C9-6B7C-4810-A07B-339852252B9C}.Debug|x64.Build.0 = Debug|x64
		{D35561C9-6B7C-4810-A07B-339852252B9C}.Debug|x64.Deploy.0 = Debug|x64
		{D35561C9-6B7C-4810-A07B-339852252B9C}.Debug|x86.ActiveCfg = Debug|x86
		{D35561C9-6B7C-4810-A07B-339852252B9C}.Debug|x86.Build.0 = Debug|x86
		{D35561C9-6B7C-4810-A07B-339852252B9C}.Debug|x86.Deploy.0 = Debug|x86
		{D35561C9-6B7C-4810-A07B-339852252B9C}.Release|ARM.ActiveCfg = Release|ARM
		{D35561C9-6B7C-4810-A07B-339852252B9C}.Release|ARM.Build.0 = Release|ARM
		{D35561C9-6B7C-4810-A07B-339852252B9C}.Release|ARM.Deploy.0 = Release|ARM
		{D35561C9-6B7C-4810-A07B-339852252B9C}.Release|ARM64.ActiveCfg = Release|ARM64
		{D35561C9-6B7C-4810-A07B-339852252B9C}.Release|ARM64.Build.0 = Release|ARM64
		{D35561C9-6B7C-4810-A07B-339852252B9C}.Release|ARM64.Deploy.0 = Release|ARM64
		{D35561C9-6B7C-4810-A07B-339852252B9C}.Release|x64.ActiveCfg = Release|x64
		{D35561C9-6B7C-4810-A07B-339852252B9C}.Release|x64.Build.0 = Release|x64
		{D35561C9-6B7C-4810-A07B-339852252B9C}.Release|x64.Deploy.0 = Release|x64
		{D35561C9-6B7C-4810-A07B-339852252B9C}.Release|x86.ActiveCfg = Release|x86
		{D35561C9-6B7C-4810-A07B-339852252B9C}.Release|x86.Build.0 = Release|x86
		{D35561C9-6B7C-4810-A07B-339852252B9C}.Release|x86.Deploy.0 = Release|x86
	EndGlobalSection
	GlobalSection(SolutionProperties) = preSolution
		HideSolutionNode = FALSE
	EndGlobalSection
	GlobalSection(ExtensibilityGlobals) = postSolution
		SolutionGuid = {3C81074E-6BB3-4950-A203-9389512E120A}
	EndGlobalSection
EndGlobal
